{
  "name": "bug-report-micromark",
  "lockfileVersion": 2,
  "requires": true,
  "packages": {
    "": {
      "dependencies": {
        "esm": "github:agoric-labs/esm#Agoric-built",
        "micromark": "^3.0.5",
        "ts-node": "^10.2.0"
      }
    },
    "node_modules/@cspotcode/source-map-consumer": {
      "version": "0.8.0",
      "resolved": "https://registry.npmjs.org/@cspotcode/source-map-consumer/-/source-map-consumer-0.8.0.tgz",
      "integrity": "sha512-41qniHzTU8yAGbCp04ohlmSrZf8bkf/iJsl3V0dRGsQN/5GFfx+LbCSsCpp2gqrqjTVg/K6O8ycoV35JIwAzAg==",
      "engines": {
        "node": ">= 12"
      }
    },
    "node_modules/@cspotcode/source-map-support": {
      "version": "0.6.1",
      "resolved": "https://registry.npmjs.org/@cspotcode/source-map-support/-/source-map-support-0.6.1.tgz",
      "integrity": "sha512-DX3Z+T5dt1ockmPdobJS/FAsQPW4V4SrWEhD2iYQT2Cb2tQsiMnYxrcUH9By/Z3B+v0S5LMBkQtV/XOBbpLEOg==",
      "dependencies": {
        "@cspotcode/source-map-consumer": "0.8.0"
      },
      "engines": {
        "node": ">=12"
      }
    },
    "node_modules/@tsconfig/node10": {
      "version": "1.0.8",
      "resolved": "https://registry.npmjs.org/@tsconfig/node10/-/node10-1.0.8.tgz",
      "integrity": "sha512-6XFfSQmMgq0CFLY1MslA/CPUfhIL919M1rMsa5lP2P097N2Wd1sSX0tx1u4olM16fLNhtHZpRhedZJphNJqmZg=="
    },
    "node_modules/@tsconfig/node12": {
      "version": "1.0.9",
      "resolved": "https://registry.npmjs.org/@tsconfig/node12/-/node12-1.0.9.tgz",
      "integrity": "sha512-/yBMcem+fbvhSREH+s14YJi18sp7J9jpuhYByADT2rypfajMZZN4WQ6zBGgBKp53NKmqI36wFYDb3yaMPurITw=="
    },
    "node_modules/@tsconfig/node14": {
      "version": "1.0.1",
      "resolved": "https://registry.npmjs.org/@tsconfig/node14/-/node14-1.0.1.tgz",
      "integrity": "sha512-509r2+yARFfHHE7T6Puu2jjkoycftovhXRqW328PDXTVGKihlb1P8Z9mMZH04ebyajfRY7dedfGynlrFHJUQCg=="
    },
    "node_modules/@tsconfig/node16": {
      "version": "1.0.2",
      "resolved": "https://registry.npmjs.org/@tsconfig/node16/-/node16-1.0.2.tgz",
      "integrity": "sha512-eZxlbI8GZscaGS7kkc/trHTT5xgrjH3/1n2JDwusC9iahPKWMRvRjJSAN5mCXviuTGQ/lHnhvv8Q1YTpnfz9gA=="
    },
    "node_modules/@types/debug": {
      "version": "4.1.7",
      "resolved": "https://registry.npmjs.org/@types/debug/-/debug-4.1.7.tgz",
      "integrity": "sha512-9AonUzyTjXXhEOa0DnqpzZi6VHlqKMswga9EXjpXnnqxwLtdvPPtlO8evrI5D9S6asFRCQ6v+wpiUKbw+vKqyg==",
      "dependencies": {
        "@types/ms": "*"
      }
    },
    "node_modules/@types/ms": {
      "version": "0.7.31",
      "resolved": "https://registry.npmjs.org/@types/ms/-/ms-0.7.31.tgz",
      "integrity": "sha512-iiUgKzV9AuaEkZqkOLDIvlQiL6ltuZd9tGcW3gwpnX8JbuiuhFlEGmmFXEXkN50Cvq7Os88IY2v0dkDqXYWVgA=="
    },
    "node_modules/@types/node": {
      "version": "16.7.2",
      "resolved": "https://registry.npmjs.org/@types/node/-/node-16.7.2.tgz",
      "integrity": "sha512-TbG4TOx9hng8FKxaVrCisdaxKxqEwJ3zwHoCWXZ0Jw6mnvTInpaB99/2Cy4+XxpXtjNv9/TgfGSvZFyfV/t8Fw==",
      "peer": true
    },
    "node_modules/acorn": {
      "version": "8.4.1",
      "resolved": "https://registry.npmjs.org/acorn/-/acorn-8.4.1.tgz",
      "integrity": "sha512-asabaBSkEKosYKMITunzX177CXxQ4Q8BSSzMTKD+FefUhipQC70gfW5SiUDhYQ3vk8G+81HqQk7Fv9OXwwn9KA==",
      "bin": {
        "acorn": "bin/acorn"
      },
      "engines": {
        "node": ">=0.4.0"
      }
    },
    "node_modules/acorn-walk": {
      "version": "8.1.1",
      "resolved": "https://registry.npmjs.org/acorn-walk/-/acorn-walk-8.1.1.tgz",
      "integrity": "sha512-FbJdceMlPHEAWJOILDk1fXD8lnTlEIWFkqtfk+MvmL5q/qlHfN7GEHcsFZWt/Tea9jRNPWUZG4G976nqAAmU9w==",
      "engines": {
        "node": ">=0.4.0"
      }
    },
    "node_modules/arg": {
      "version": "4.1.3",
      "resolved": "https://registry.npmjs.org/arg/-/arg-4.1.3.tgz",
      "integrity": "sha512-58S9QDqG0Xx27YwPSt9fJxivjYl432YCwfDMfZ+71RAqUrZef7LrKQZ3LHLOwCS4FLNBplP533Zx895SeOCHvA=="
    },
    "node_modules/character-entities": {
      "version": "2.0.0",
      "resolved": "https://registry.npmjs.org/character-entities/-/character-entities-2.0.0.tgz",
      "integrity": "sha512-oHqMj3eAuJ77/P5PaIRcqk+C3hdfNwyCD2DAUcD5gyXkegAuF2USC40CEqPscDk4I8FRGMTojGJQkXDsN5QlJA==",
      "funding": {
        "type": "github",
        "url": "https://github.com/sponsors/wooorm"
      }
    },
    "node_modules/character-entities-legacy": {
      "version": "2.0.0",
      "resolved": "https://registry.npmjs.org/character-entities-legacy/-/character-entities-legacy-2.0.0.tgz",
      "integrity": "sha512-YwaEtEvWLpFa6Wh3uVLrvirA/ahr9fki/NUd/Bd4OR6EdJ8D22hovYQEOUCBfQfcqnC4IAMGMsHXY1eXgL4ZZA==",
      "funding": {
        "type": "github",
        "url": "https://github.com/sponsors/wooorm"
      }
    },
    "node_modules/character-reference-invalid": {
      "version": "2.0.0",
      "resolved": "https://registry.npmjs.org/character-reference-invalid/-/character-reference-invalid-2.0.0.tgz",
      "integrity": "sha512-pE3Z15lLRxDzWJy7bBHBopRwfI20sbrMVLQTC7xsPglCHf4Wv1e167OgYAFP78co2XlhojDyAqA+IAJse27//g==",
      "funding": {
        "type": "github",
        "url": "https://github.com/sponsors/wooorm"
      }
    },
    "node_modules/create-require": {
      "version": "1.1.1",
      "resolved": "https://registry.npmjs.org/create-require/-/create-require-1.1.1.tgz",
      "integrity": "sha512-dcKFX3jn0MpIaXjisoRvexIJVEKzaq7z2rZKxf+MSr9TkdmHmsU4m2lcLojrj/FHl8mk5VxMmYA+ftRkP/3oKQ=="
    },
    "node_modules/debug": {
      "version": "4.3.2",
      "resolved": "https://registry.npmjs.org/debug/-/debug-4.3.2.tgz",
      "integrity": "sha512-mOp8wKcvj7XxC78zLgw/ZA+6TSgkoE2C/ienthhRD298T7UNwAg9diBpLRxC0mOezLl4B0xV7M0cCO6P/O0Xhw==",
      "dependencies": {
        "ms": "2.1.2"
      },
      "engines": {
        "node": ">=6.0"
      },
      "peerDependenciesMeta": {
        "supports-color": {
          "optional": true
        }
      }
    },
    "node_modules/diff": {
      "version": "4.0.2",
      "resolved": "https://registry.npmjs.org/diff/-/diff-4.0.2.tgz",
      "integrity": "sha512-58lmxKSA4BNyLz+HHMUzlOEpg09FV+ev6ZMe3vJihgdxzgcwZ8VoEEPmALCZG9LmqfVoNMMKpttIYTVG6uDY7A==",
      "engines": {
        "node": ">=0.3.1"
      }
    },
    "node_modules/esm": {
      "version": "3.2.25",
      "resolved": "git+ssh://git@github.com/agoric-labs/esm.git#3603726ad4636b2f865f463188fcaade6375638e",
      "license": "MIT",
      "engines": {
        "node": ">=6"
      }
    },
    "node_modules/is-alphabetical": {
      "version": "2.0.0",
      "resolved": "https://registry.npmjs.org/is-alphabetical/-/is-alphabetical-2.0.0.tgz",
      "integrity": "sha512-5OV8Toyq3oh4eq6sbWTYzlGdnMT/DPI5I0zxUBxjiigQsZycpkKF3kskkao3JyYGuYDHvhgJF+DrjMQp9SX86w==",
      "funding": {
        "type": "github",
        "url": "https://github.com/sponsors/wooorm"
      }
    },
    "node_modules/is-alphanumerical": {
      "version": "2.0.0",
      "resolved": "https://registry.npmjs.org/is-alphanumerical/-/is-alphanumerical-2.0.0.tgz",
      "integrity": "sha512-t+2GlJ+hO9yagJ+jU3+HSh80VKvz/3cG2cxbGGm4S0hjKuhWQXgPVUVOZz3tqZzMjhmphZ+1TIJTlRZRoe6GCQ==",
      "dependencies": {
        "is-alphabetical": "^2.0.0",
        "is-decimal": "^2.0.0"
      },
      "funding": {
        "type": "github",
        "url": "https://github.com/sponsors/wooorm"
      }
    },
    "node_modules/is-decimal": {
      "version": "2.0.0",
      "resolved": "https://registry.npmjs.org/is-decimal/-/is-decimal-2.0.0.tgz",
      "integrity": "sha512-QfrfjQV0LjoWQ1K1XSoEZkTAzSa14RKVMa5zg3SdAfzEmQzRM4+tbSFWb78creCeA9rNBzaZal92opi1TwPWZw==",
      "funding": {
        "type": "github",
        "url": "https://github.com/sponsors/wooorm"
      }
    },
    "node_modules/is-hexadecimal": {
      "version": "2.0.0",
      "resolved": "https://registry.npmjs.org/is-hexadecimal/-/is-hexadecimal-2.0.0.tgz",
      "integrity": "sha512-vGOtYkiaxwIiR0+Ng/zNId+ZZehGfINwTzdrDqc6iubbnQWhnPuYymOzOKUDqa2cSl59yHnEh2h6MvRLQsyNug==",
      "funding": {
        "type": "github",
        "url": "https://github.com/sponsors/wooorm"
      }
    },
    "node_modules/make-error": {
      "version": "1.3.6",
      "resolved": "https://registry.npmjs.org/make-error/-/make-error-1.3.6.tgz",
      "integrity": "sha512-s8UhlNe7vPKomQhC1qFelMokr/Sc3AgNbso3n74mVPA5LTZwkB9NlXf4XPamLxJE8h0gh73rM94xvwRT2CVInw=="
    },
    "node_modules/micromark": {
      "version": "3.0.5",
      "resolved": "https://registry.npmjs.org/micromark/-/micromark-3.0.5.tgz",
      "integrity": "sha512-QfjERBnPw0G9mxhOCkkbRP0n8SX8lIBLrEKeEVceviUukqVMv3hWE4AgNTOK/W6GWqtPvvIHg2Apl3j1Dxm6aQ==",
      "funding": [
        {
          "type": "GitHub Sponsors",
          "url": "https://github.com/sponsors/unifiedjs"
        },
        {
          "type": "OpenCollective",
          "url": "https://opencollective.com/unified"
        }
      ],
      "dependencies": {
        "@types/debug": "^4.0.0",
        "debug": "^4.0.0",
        "micromark-core-commonmark": "^1.0.1",
        "micromark-factory-space": "^1.0.0",
        "micromark-util-character": "^1.0.0",
        "micromark-util-chunked": "^1.0.0",
        "micromark-util-combine-extensions": "^1.0.0",
        "micromark-util-decode-numeric-character-reference": "^1.0.0",
        "micromark-util-encode": "^1.0.0",
        "micromark-util-normalize-identifier": "^1.0.0",
        "micromark-util-resolve-all": "^1.0.0",
        "micromark-util-sanitize-uri": "^1.0.0",
        "micromark-util-subtokenize": "^1.0.0",
        "micromark-util-symbol": "^1.0.0",
        "micromark-util-types": "^1.0.1",
        "parse-entities": "^3.0.0"
      }
    },
    "node_modules/micromark-core-commonmark": {
      "version": "1.0.1",
      "resolved": "https://registry.npmjs.org/micromark-core-commonmark/-/micromark-core-commonmark-1.0.1.tgz",
      "integrity": "sha512-vEOw8hcQ3nwHkKKNIyP9wBi8M50zjNajtmI+cCUWcVfJS+v5/3WCh4PLKf7PPRZFUutjzl4ZjlHwBWUKfb/SkA==",
      "funding": [
        {
          "type": "GitHub Sponsors",
          "url": "https://github.com/sponsors/unifiedjs"
        },
        {
          "type": "OpenCollective",
          "url": "https://opencollective.com/unified"
        }
      ],
      "dependencies": {
        "micromark-factory-destination": "^1.0.0",
        "micromark-factory-label": "^1.0.0",
        "micromark-factory-space": "^1.0.0",
        "micromark-factory-title": "^1.0.0",
        "micromark-factory-whitespace": "^1.0.0",
        "micromark-util-character": "^1.0.0",
        "micromark-util-chunked": "^1.0.0",
        "micromark-util-classify-character": "^1.0.0",
        "micromark-util-html-tag-name": "^1.0.0",
        "micromark-util-normalize-identifier": "^1.0.0",
        "micromark-util-resolve-all": "^1.0.0",
        "micromark-util-subtokenize": "^1.0.0",
        "micromark-util-symbol": "^1.0.0",
        "micromark-util-types": "^1.0.1",
        "parse-entities": "^3.0.0"
      }
    },
    "node_modules/micromark-factory-destination": {
      "version": "1.0.0",
      "resolved": "https://registry.npmjs.org/micromark-factory-destination/-/micromark-factory-destination-1.0.0.tgz",
      "integrity": "sha512-eUBA7Rs1/xtTVun9TmV3gjfPz2wEwgK5R5xcbIM5ZYAtvGF6JkyaDsj0agx8urXnO31tEO6Ug83iVH3tdedLnw==",
      "funding": [
        {
          "type": "GitHub Sponsors",
          "url": "https://github.com/sponsors/unifiedjs"
        },
        {
          "type": "OpenCollective",
          "url": "https://opencollective.com/unified"
        }
      ],
      "dependencies": {
        "micromark-util-character": "^1.0.0",
        "micromark-util-symbol": "^1.0.0",
        "micromark-util-types": "^1.0.0"
      }
    },
    "node_modules/micromark-factory-label": {
      "version": "1.0.0",
      "resolved": "https://registry.npmjs.org/micromark-factory-label/-/micromark-factory-label-1.0.0.tgz",
      "integrity": "sha512-XWEucVZb+qBCe2jmlOnWr6sWSY6NHx+wtpgYFsm4G+dufOf6tTQRRo0bdO7XSlGPu5fyjpJenth6Ksnc5Mwfww==",
      "funding": [
        {
          "type": "GitHub Sponsors",
          "url": "https://github.com/sponsors/unifiedjs"
        },
        {
          "type": "OpenCollective",
          "url": "https://opencollective.com/unified"
        }
      ],
      "dependencies": {
        "micromark-util-character": "^1.0.0",
        "micromark-util-symbol": "^1.0.0",
        "micromark-util-types": "^1.0.0"
      }
    },
    "node_modules/micromark-factory-space": {
      "version": "1.0.0",
      "resolved": "https://registry.npmjs.org/micromark-factory-space/-/micromark-factory-space-1.0.0.tgz",
      "integrity": "sha512-qUmqs4kj9a5yBnk3JMLyjtWYN6Mzfcx8uJfi5XAveBniDevmZasdGBba5b4QsvRcAkmvGo5ACmSUmyGiKTLZew==",
      "funding": [
        {
          "type": "GitHub Sponsors",
          "url": "https://github.com/sponsors/unifiedjs"
        },
        {
          "type": "OpenCollective",
          "url": "https://opencollective.com/unified"
        }
      ],
      "dependencies": {
        "micromark-util-character": "^1.0.0",
        "micromark-util-types": "^1.0.0"
      }
    },
    "node_modules/micromark-factory-title": {
      "version": "1.0.0",
      "resolved": "https://registry.npmjs.org/micromark-factory-title/-/micromark-factory-title-1.0.0.tgz",
      "integrity": "sha512-flvC7Gx0dWVWorXuBl09Cr3wB5FTuYec8pMGVySIp2ZlqTcIjN/lFohZcP0EG//krTptm34kozHk7aK/CleCfA==",
      "funding": [
        {
          "type": "GitHub Sponsors",
          "url": "https://github.com/sponsors/unifiedjs"
        },
        {
          "type": "OpenCollective",
          "url": "https://opencollective.com/unified"
        }
      ],
      "dependencies": {
        "micromark-factory-space": "^1.0.0",
        "micromark-util-character": "^1.0.0",
        "micromark-util-symbol": "^1.0.0",
        "micromark-util-types": "^1.0.0"
      }
    },
    "node_modules/micromark-factory-whitespace": {
      "version": "1.0.0",
      "resolved": "https://registry.npmjs.org/micromark-factory-whitespace/-/micromark-factory-whitespace-1.0.0.tgz",
      "integrity": "sha512-Qx7uEyahU1lt1RnsECBiuEbfr9INjQTGa6Err+gF3g0Tx4YEviPbqqGKNv/NrBaE7dVHdn1bVZKM/n5I/Bak7A==",
      "funding": [
        {
          "type": "GitHub Sponsors",
          "url": "https://github.com/sponsors/unifiedjs"
        },
        {
          "type": "OpenCollective",
          "url": "https://opencollective.com/unified"
        }
      ],
      "dependencies": {
        "micromark-factory-space": "^1.0.0",
        "micromark-util-character": "^1.0.0",
        "micromark-util-symbol": "^1.0.0",
        "micromark-util-types": "^1.0.0"
      }
    },
    "node_modules/micromark-util-character": {
      "version": "1.1.0",
      "resolved": "https://registry.npmjs.org/micromark-util-character/-/micromark-util-character-1.1.0.tgz",
      "integrity": "sha512-agJ5B3unGNJ9rJvADMJ5ZiYjBRyDpzKAOk01Kpi1TKhlT1APx3XZk6eN7RtSz1erbWHC2L8T3xLZ81wdtGRZzg==",
      "funding": [
        {
          "type": "GitHub Sponsors",
          "url": "https://github.com/sponsors/unifiedjs"
        },
        {
          "type": "OpenCollective",
          "url": "https://opencollective.com/unified"
        }
      ],
      "dependencies": {
        "micromark-util-symbol": "^1.0.0",
        "micromark-util-types": "^1.0.0"
      }
    },
    "node_modules/micromark-util-chunked": {
      "version": "1.0.0",
      "resolved": "https://registry.npmjs.org/micromark-util-chunked/-/micromark-util-chunked-1.0.0.tgz",
      "integrity": "sha512-5e8xTis5tEZKgesfbQMKRCyzvffRRUX+lK/y+DvsMFdabAicPkkZV6gO+FEWi9RfuKKoxxPwNL+dFF0SMImc1g==",
      "funding": [
        {
          "type": "GitHub Sponsors",
          "url": "https://github.com/sponsors/unifiedjs"
        },
        {
          "type": "OpenCollective",
          "url": "https://opencollective.com/unified"
        }
      ],
      "dependencies": {
        "micromark-util-symbol": "^1.0.0"
      }
    },
    "node_modules/micromark-util-classify-character": {
      "version": "1.0.0",
      "resolved": "https://registry.npmjs.org/micromark-util-classify-character/-/micromark-util-classify-character-1.0.0.tgz",
      "integrity": "sha512-F8oW2KKrQRb3vS5ud5HIqBVkCqQi224Nm55o5wYLzY/9PwHGXC01tr3d7+TqHHz6zrKQ72Okwtvm/xQm6OVNZA==",
      "funding": [
        {
          "type": "GitHub Sponsors",
          "url": "https://github.com/sponsors/unifiedjs"
        },
        {
          "type": "OpenCollective",
          "url": "https://opencollective.com/unified"
        }
      ],
      "dependencies": {
        "micromark-util-character": "^1.0.0",
        "micromark-util-symbol": "^1.0.0",
        "micromark-util-types": "^1.0.0"
      }
    },
    "node_modules/micromark-util-combine-extensions": {
      "version": "1.0.0",
      "resolved": "https://registry.npmjs.org/micromark-util-combine-extensions/-/micromark-util-combine-extensions-1.0.0.tgz",
      "integrity": "sha512-J8H058vFBdo/6+AsjHp2NF7AJ02SZtWaVUjsayNFeAiydTxUwViQPxN0Hf8dp4FmCQi0UUFovFsEyRSUmFH3MA==",
      "funding": [
        {
          "type": "GitHub Sponsors",
          "url": "https://github.com/sponsors/unifiedjs"
        },
        {
          "type": "OpenCollective",
          "url": "https://opencollective.com/unified"
        }
      ],
      "dependencies": {
        "micromark-util-chunked": "^1.0.0",
        "micromark-util-types": "^1.0.0"
      }
    },
    "node_modules/micromark-util-decode-numeric-character-reference": {
      "version": "1.0.0",
      "resolved": "https://registry.npmjs.org/micromark-util-decode-numeric-character-reference/-/micromark-util-decode-numeric-character-reference-1.0.0.tgz",
      "integrity": "sha512-OzO9AI5VUtrTD7KSdagf4MWgHMtET17Ua1fIpXTpuhclCqD8egFWo85GxSGvxgkGS74bEahvtM0WP0HjvV0e4w==",
      "funding": [
        {
          "type": "GitHub Sponsors",
          "url": "https://github.com/sponsors/unifiedjs"
        },
        {
          "type": "OpenCollective",
          "url": "https://opencollective.com/unified"
        }
      ],
      "dependencies": {
        "micromark-util-symbol": "^1.0.0"
      }
    },
    "node_modules/micromark-util-encode": {
      "version": "1.0.0",
      "resolved": "https://registry.npmjs.org/micromark-util-encode/-/micromark-util-encode-1.0.0.tgz",
      "integrity": "sha512-cJpFVM768h6zkd8qJ1LNRrITfY4gwFt+tziPcIf71Ui8yFzY9wG3snZQqiWVq93PG4Sw6YOtcNiKJfVIs9qfGg==",
      "funding": [
        {
          "type": "GitHub Sponsors",
          "url": "https://github.com/sponsors/unifiedjs"
        },
        {
          "type": "OpenCollective",
          "url": "https://opencollective.com/unified"
        }
      ]
    },
    "node_modules/micromark-util-html-tag-name": {
      "version": "1.0.0",
      "resolved": "https://registry.npmjs.org/micromark-util-html-tag-name/-/micromark-util-html-tag-name-1.0.0.tgz",
      "integrity": "sha512-NenEKIshW2ZI/ERv9HtFNsrn3llSPZtY337LID/24WeLqMzeZhBEE6BQ0vS2ZBjshm5n40chKtJ3qjAbVV8S0g==",
      "funding": [
        {
          "type": "GitHub Sponsors",
          "url": "https://github.com/sponsors/unifiedjs"
        },
        {
          "type": "OpenCollective",
          "url": "https://opencollective.com/unified"
        }
      ]
    },
    "node_modules/micromark-util-normalize-identifier": {
      "version": "1.0.0",
      "resolved": "https://registry.npmjs.org/micromark-util-normalize-identifier/-/micromark-util-normalize-identifier-1.0.0.tgz",
      "integrity": "sha512-yg+zrL14bBTFrQ7n35CmByWUTFsgst5JhA4gJYoty4Dqzj4Z4Fr/DHekSS5aLfH9bdlfnSvKAWsAgJhIbogyBg==",
      "funding": [
        {
          "type": "GitHub Sponsors",
          "url": "https://github.com/sponsors/unifiedjs"
        },
        {
          "type": "OpenCollective",
          "url": "https://opencollective.com/unified"
        }
      ],
      "dependencies": {
        "micromark-util-symbol": "^1.0.0"
      }
    },
    "node_modules/micromark-util-resolve-all": {
      "version": "1.0.0",
      "resolved": "https://registry.npmjs.org/micromark-util-resolve-all/-/micromark-util-resolve-all-1.0.0.tgz",
      "integrity": "sha512-CB/AGk98u50k42kvgaMM94wzBqozSzDDaonKU7P7jwQIuH2RU0TeBqGYJz2WY1UdihhjweivStrJ2JdkdEmcfw==",
      "funding": [
        {
          "type": "GitHub Sponsors",
          "url": "https://github.com/sponsors/unifiedjs"
        },
        {
          "type": "OpenCollective",
          "url": "https://opencollective.com/unified"
        }
      ],
      "dependencies": {
        "micromark-util-types": "^1.0.0"
      }
    },
    "node_modules/micromark-util-sanitize-uri": {
      "version": "1.0.0",
      "resolved": "https://registry.npmjs.org/micromark-util-sanitize-uri/-/micromark-util-sanitize-uri-1.0.0.tgz",
      "integrity": "sha512-cCxvBKlmac4rxCGx6ejlIviRaMKZc0fWm5HdCHEeDWRSkn44l6NdYVRyU+0nT1XC72EQJMZV8IPHF+jTr56lAg==",
      "funding": [
        {
          "type": "GitHub Sponsors",
          "url": "https://github.com/sponsors/unifiedjs"
        },
        {
          "type": "OpenCollective",
          "url": "https://opencollective.com/unified"
        }
      ],
      "dependencies": {
        "micromark-util-character": "^1.0.0",
        "micromark-util-encode": "^1.0.0",
        "micromark-util-symbol": "^1.0.0"
      }
    },
    "node_modules/micromark-util-subtokenize": {
      "version": "1.0.0",
      "resolved": "https://registry.npmjs.org/micromark-util-subtokenize/-/micromark-util-subtokenize-1.0.0.tgz",
      "integrity": "sha512-EsnG2qscmcN5XhkqQBZni/4oQbLFjz9yk3ZM/P8a3YUjwV6+6On2wehr1ALx0MxK3+XXXLTzuBKHDFeDFYRdgQ==",
      "funding": [
        {
          "type": "GitHub Sponsors",
          "url": "https://github.com/sponsors/unifiedjs"
        },
        {
          "type": "OpenCollective",
          "url": "https://opencollective.com/unified"
        }
      ],
      "dependencies": {
        "micromark-util-chunked": "^1.0.0",
        "micromark-util-symbol": "^1.0.0",
        "micromark-util-types": "^1.0.0"
      }
    },
    "node_modules/micromark-util-symbol": {
      "version": "1.0.0",
      "resolved": "https://registry.npmjs.org/micromark-util-symbol/-/micromark-util-symbol-1.0.0.tgz",
      "integrity": "sha512-NZA01jHRNCt4KlOROn8/bGi6vvpEmlXld7EHcRH+aYWUfL3Wc8JLUNNlqUMKa0hhz6GrpUWsHtzPmKof57v0gQ==",
      "funding": [
        {
          "type": "GitHub Sponsors",
          "url": "https://github.com/sponsors/unifiedjs"
        },
        {
          "type": "OpenCollective",
          "url": "https://opencollective.com/unified"
        }
      ]
    },
    "node_modules/micromark-util-types": {
      "version": "1.0.1",
      "resolved": "https://registry.npmjs.org/micromark-util-types/-/micromark-util-types-1.0.1.tgz",
      "integrity": "sha512-UT0ylWEEy80RFYzK9pEaugTqaxoD/j0Y9WhHpSyitxd99zjoQz7JJ+iKuhPAgOW2MiPSUAx+c09dcqokeyaROA==",
      "funding": [
        {
          "type": "GitHub Sponsors",
          "url": "https://github.com/sponsors/unifiedjs"
        },
        {
          "type": "OpenCollective",
          "url": "https://opencollective.com/unified"
        }
      ]
    },
    "node_modules/ms": {
      "version": "2.1.2",
      "resolved": "https://registry.npmjs.org/ms/-/ms-2.1.2.tgz",
      "integrity": "sha512-sGkPx+VjMtmA6MX27oA4FBFELFCZZ4S4XqeGOXCv68tT+jb3vk/RyaKWP0PTKyWtmLSM0b+adUTEvbs1PEaH2w=="
    },
    "node_modules/parse-entities": {
      "version": "3.0.0",
      "resolved": "https://registry.npmjs.org/parse-entities/-/parse-entities-3.0.0.tgz",
      "integrity": "sha512-AJlcIFDNPEP33KyJLguv0xJc83BNvjxwpuUIcetyXUsLpVXAUCePJ5kIoYtEN2R1ac0cYaRu/vk9dVFkewHQhQ==",
      "dependencies": {
        "character-entities": "^2.0.0",
        "character-entities-legacy": "^2.0.0",
        "character-reference-invalid": "^2.0.0",
        "is-alphanumerical": "^2.0.0",
        "is-decimal": "^2.0.0",
        "is-hexadecimal": "^2.0.0"
      },
      "funding": {
        "type": "github",
        "url": "https://github.com/sponsors/wooorm"
      }
    },
    "node_modules/ts-node": {
      "version": "10.2.1",
      "resolved": "https://registry.npmjs.org/ts-node/-/ts-node-10.2.1.tgz",
      "integrity": "sha512-hCnyOyuGmD5wHleOQX6NIjJtYVIO8bPP8F2acWkB4W06wdlkgyvJtubO/I9NkI88hCFECbsEgoLc0VNkYmcSfw==",
      "dependencies": {
        "@cspotcode/source-map-support": "0.6.1",
        "@tsconfig/node10": "^1.0.7",
        "@tsconfig/node12": "^1.0.7",
        "@tsconfig/node14": "^1.0.0",
        "@tsconfig/node16": "^1.0.2",
        "acorn": "^8.4.1",
        "acorn-walk": "^8.1.1",
        "arg": "^4.1.0",
        "create-require": "^1.1.0",
        "diff": "^4.0.1",
        "make-error": "^1.1.1",
        "yn": "3.1.1"
      },
      "bin": {
        "ts-node": "dist/bin.js",
        "ts-node-cwd": "dist/bin-cwd.js",
        "ts-node-script": "dist/bin-script.js",
        "ts-node-transpile-only": "dist/bin-transpile.js",
        "ts-script": "dist/bin-script-deprecated.js"
      },
      "engines": {
        "node": ">=12.0.0"
      },
      "peerDependencies": {
        "@swc/core": ">=1.2.50",
        "@swc/wasm": ">=1.2.50",
        "@types/node": "*",
        "typescript": ">=2.7"
      },
      "peerDependenciesMeta": {
        "@swc/core": {
          "optional": true
        },
        "@swc/wasm": {
          "optional": true
        }
      }
    },
    "node_modules/typescript": {
      "version": "4.4.2",
      "resolved": "https://registry.npmjs.org/typescript/-/typescript-4.4.2.tgz",
      "integrity": "sha512-gzP+t5W4hdy4c+68bfcv0t400HVJMMd2+H9B7gae1nQlBzCqvrXX+6GL/b3GAgyTH966pzrZ70/fRjwAtZksSQ==",
      "peer": true,
      "bin": {
        "tsc": "bin/tsc",
        "tsserver": "bin/tsserver"
      },
      "engines": {
        "node": ">=4.2.0"
      }
    },
    "node_modules/yn": {
      "version": "3.1.1",
      "resolved": "https://registry.npmjs.org/yn/-/yn-3.1.1.tgz",
      "integrity": "sha512-Ux4ygGWsu2c7isFWe8Yu1YluJmqVhxqK2cLXNQA5AcC3QfbGNpM7fu0Y8b/z16pXLnFxZYvWhd3fhBY9DLmC6Q==",
      "engines": {
        "node": ">=6"
      }
    }
  },
  "dependencies": {
    "@cspotcode/source-map-consumer": {
      "version": "0.8.0",
      "resolved": "https://registry.npmjs.org/@cspotcode/source-map-consumer/-/source-map-consumer-0.8.0.tgz",
      "integrity": "sha512-41qniHzTU8yAGbCp04ohlmSrZf8bkf/iJsl3V0dRGsQN/5GFfx+LbCSsCpp2gqrqjTVg/K6O8ycoV35JIwAzAg=="
    },
    "@cspotcode/source-map-support": {
      "version": "0.6.1",
      "resolved": "https://registry.npmjs.org/@cspotcode/source-map-support/-/source-map-support-0.6.1.tgz",
      "integrity": "sha512-DX3Z+T5dt1ockmPdobJS/FAsQPW4V4SrWEhD2iYQT2Cb2tQsiMnYxrcUH9By/Z3B+v0S5LMBkQtV/XOBbpLEOg==",
      "requires": {
        "@cspotcode/source-map-consumer": "0.8.0"
      }
    },
    "@tsconfig/node10": {
      "version": "1.0.8",
      "resolved": "https://registry.npmjs.org/@tsconfig/node10/-/node10-1.0.8.tgz",
      "integrity": "sha512-6XFfSQmMgq0CFLY1MslA/CPUfhIL919M1rMsa5lP2P097N2Wd1sSX0tx1u4olM16fLNhtHZpRhedZJphNJqmZg=="
    },
    "@tsconfig/node12": {
      "version": "1.0.9",
      "resolved": "https://registry.npmjs.org/@tsconfig/node12/-/node12-1.0.9.tgz",
      "integrity": "sha512-/yBMcem+fbvhSREH+s14YJi18sp7J9jpuhYByADT2rypfajMZZN4WQ6zBGgBKp53NKmqI36wFYDb3yaMPurITw=="
    },
    "@tsconfig/node14": {
      "version": "1.0.1",
      "resolved": "https://registry.npmjs.org/@tsconfig/node14/-/node14-1.0.1.tgz",
      "integrity": "sha512-509r2+yARFfHHE7T6Puu2jjkoycftovhXRqW328PDXTVGKihlb1P8Z9mMZH04ebyajfRY7dedfGynlrFHJUQCg=="
    },
    "@tsconfig/node16": {
      "version": "1.0.2",
      "resolved": "https://registry.npmjs.org/@tsconfig/node16/-/node16-1.0.2.tgz",
      "integrity": "sha512-eZxlbI8GZscaGS7kkc/trHTT5xgrjH3/1n2JDwusC9iahPKWMRvRjJSAN5mCXviuTGQ/lHnhvv8Q1YTpnfz9gA=="
    },
    "@types/debug": {
      "version": "4.1.7",
      "resolved": "https://registry.npmjs.org/@types/debug/-/debug-4.1.7.tgz",
      "integrity": "sha512-9AonUzyTjXXhEOa0DnqpzZi6VHlqKMswga9EXjpXnnqxwLtdvPPtlO8evrI5D9S6asFRCQ6v+wpiUKbw+vKqyg==",
      "requires": {
        "@types/ms": "*"
      }
    },
    "@types/ms": {
      "version": "0.7.31",
      "resolved": "https://registry.npmjs.org/@types/ms/-/ms-0.7.31.tgz",
      "integrity": "sha512-iiUgKzV9AuaEkZqkOLDIvlQiL6ltuZd9tGcW3gwpnX8JbuiuhFlEGmmFXEXkN50Cvq7Os88IY2v0dkDqXYWVgA=="
    },
    "@types/node": {
      "version": "16.7.2",
      "resolved": "https://registry.npmjs.org/@types/node/-/node-16.7.2.tgz",
      "integrity": "sha512-TbG4TOx9hng8FKxaVrCisdaxKxqEwJ3zwHoCWXZ0Jw6mnvTInpaB99/2Cy4+XxpXtjNv9/TgfGSvZFyfV/t8Fw==",
      "peer": true
    },
    "acorn": {
      "version": "8.4.1",
      "resolved": "https://registry.npmjs.org/acorn/-/acorn-8.4.1.tgz",
      "integrity": "sha512-asabaBSkEKosYKMITunzX177CXxQ4Q8BSSzMTKD+FefUhipQC70gfW5SiUDhYQ3vk8G+81HqQk7Fv9OXwwn9KA=="
    },
    "acorn-walk": {
      "version": "8.1.1",
      "resolved": "https://registry.npmjs.org/acorn-walk/-/acorn-walk-8.1.1.tgz",
      "integrity": "sha512-FbJdceMlPHEAWJOILDk1fXD8lnTlEIWFkqtfk+MvmL5q/qlHfN7GEHcsFZWt/Tea9jRNPWUZG4G976nqAAmU9w=="
    },
    "arg": {
      "version": "4.1.3",
      "resolved": "https://registry.npmjs.org/arg/-/arg-4.1.3.tgz",
      "integrity": "sha512-58S9QDqG0Xx27YwPSt9fJxivjYl432YCwfDMfZ+71RAqUrZef7LrKQZ3LHLOwCS4FLNBplP533Zx895SeOCHvA=="
    },
    "character-entities": {
      "version": "2.0.0",
      "resolved": "https://registry.npmjs.org/character-entities/-/character-entities-2.0.0.tgz",
      "integrity": "sha512-oHqMj3eAuJ77/P5PaIRcqk+C3hdfNwyCD2DAUcD5gyXkegAuF2USC40CEqPscDk4I8FRGMTojGJQkXDsN5QlJA=="
    },
    "character-entities-legacy": {
      "version": "2.0.0",
      "resolved": "https://registry.npmjs.org/character-entities-legacy/-/character-entities-legacy-2.0.0.tgz",
      "integrity": "sha512-YwaEtEvWLpFa6Wh3uVLrvirA/ahr9fki/NUd/Bd4OR6EdJ8D22hovYQEOUCBfQfcqnC4IAMGMsHXY1eXgL4ZZA=="
    },
    "character-reference-invalid": {
      "version": "2.0.0",
      "resolved": "https://registry.npmjs.org/character-reference-invalid/-/character-reference-invalid-2.0.0.tgz",
      "integrity": "sha512-pE3Z15lLRxDzWJy7bBHBopRwfI20sbrMVLQTC7xsPglCHf4Wv1e167OgYAFP78co2XlhojDyAqA+IAJse27//g=="
    },
    "create-require": {
      "version": "1.1.1",
      "resolved": "https://registry.npmjs.org/create-require/-/create-require-1.1.1.tgz",
      "integrity": "sha512-dcKFX3jn0MpIaXjisoRvexIJVEKzaq7z2rZKxf+MSr9TkdmHmsU4m2lcLojrj/FHl8mk5VxMmYA+ftRkP/3oKQ=="
    },
    "debug": {
      "version": "4.3.2",
      "resolved": "https://registry.npmjs.org/debug/-/debug-4.3.2.tgz",
      "integrity": "sha512-mOp8wKcvj7XxC78zLgw/ZA+6TSgkoE2C/ienthhRD298T7UNwAg9diBpLRxC0mOezLl4B0xV7M0cCO6P/O0Xhw==",
      "requires": {
        "ms": "2.1.2"
      }
    },
    "diff": {
      "version": "4.0.2",
      "resolved": "https://registry.npmjs.org/diff/-/diff-4.0.2.tgz",
      "integrity": "sha512-58lmxKSA4BNyLz+HHMUzlOEpg09FV+ev6ZMe3vJihgdxzgcwZ8VoEEPmALCZG9LmqfVoNMMKpttIYTVG6uDY7A=="
    },
    "esm": {
      "version": "git+ssh://git@github.com/agoric-labs/esm.git#3603726ad4636b2f865f463188fcaade6375638e",
      "from": "esm@github:agoric-labs/esm#Agoric-built"
    },
    "is-alphabetical": {
      "version": "2.0.0",
      "resolved": "https://registry.npmjs.org/is-alphabetical/-/is-alphabetical-2.0.0.tgz",
      "integrity": "sha512-5OV8Toyq3oh4eq6sbWTYzlGdnMT/DPI5I0zxUBxjiigQsZycpkKF3kskkao3JyYGuYDHvhgJF+DrjMQp9SX86w=="
    },
    "is-alphanumerical": {
      "version": "2.0.0",
      "resolved": "https://registry.npmjs.org/is-alphanumerical/-/is-alphanumerical-2.0.0.tgz",
      "integrity": "sha512-t+2GlJ+hO9yagJ+jU3+HSh80VKvz/3cG2cxbGGm4S0hjKuhWQXgPVUVOZz3tqZzMjhmphZ+1TIJTlRZRoe6GCQ==",
      "requires": {
        "is-alphabetical": "^2.0.0",
        "is-decimal": "^2.0.0"
      }
    },
    "is-decimal": {
      "version": "2.0.0",
      "resolved": "https://registry.npmjs.org/is-decimal/-/is-decimal-2.0.0.tgz",
      "integrity": "sha512-QfrfjQV0LjoWQ1K1XSoEZkTAzSa14RKVMa5zg3SdAfzEmQzRM4+tbSFWb78creCeA9rNBzaZal92opi1TwPWZw=="
    },
    "is-hexadecimal": {
      "version": "2.0.0",
      "resolved": "https://registry.npmjs.org/is-hexadecimal/-/is-hexadecimal-2.0.0.tgz",
      "integrity": "sha512-vGOtYkiaxwIiR0+Ng/zNId+ZZehGfINwTzdrDqc6iubbnQWhnPuYymOzOKUDqa2cSl59yHnEh2h6MvRLQsyNug=="
    },
    "make-error": {
      "version": "1.3.6",
      "resolved": "https://registry.npmjs.org/make-error/-/make-error-1.3.6.tgz",
      "integrity": "sha512-s8UhlNe7vPKomQhC1qFelMokr/Sc3AgNbso3n74mVPA5LTZwkB9NlXf4XPamLxJE8h0gh73rM94xvwRT2CVInw=="
    },
    "micromark": {
      "version": "3.0.5",
      "resolved": "https://registry.npmjs.org/micromark/-/micromark-3.0.5.tgz",
      "integrity": "sha512-QfjERBnPw0G9mxhOCkkbRP0n8SX8lIBLrEKeEVceviUukqVMv3hWE4AgNTOK/W6GWqtPvvIHg2Apl3j1Dxm6aQ==",
      "requires": {
        "@types/debug": "^4.0.0",
        "debug": "^4.0.0",
        "micromark-core-commonmark": "^1.0.1",
        "micromark-factory-space": "^1.0.0",
        "micromark-util-character": "^1.0.0",
        "micromark-util-chunked": "^1.0.0",
        "micromark-util-combine-extensions": "^1.0.0",
        "micromark-util-decode-numeric-character-reference": "^1.0.0",
        "micromark-util-encode": "^1.0.0",
        "micromark-util-normalize-identifier": "^1.0.0",
        "micromark-util-resolve-all": "^1.0.0",
        "micromark-util-sanitize-uri": "^1.0.0",
        "micromark-util-subtokenize": "^1.0.0",
        "micromark-util-symbol": "^1.0.0",
        "micromark-util-types": "^1.0.1",
        "parse-entities": "^3.0.0"
      }
    },
    "micromark-core-commonmark": {
      "version": "1.0.1",
      "resolved": "https://registry.npmjs.org/micromark-core-commonmark/-/micromark-core-commonmark-1.0.1.tgz",
      "integrity": "sha512-vEOw8hcQ3nwHkKKNIyP9wBi8M50zjNajtmI+cCUWcVfJS+v5/3WCh4PLKf7PPRZFUutjzl4ZjlHwBWUKfb/SkA==",
      "requires": {
        "micromark-factory-destination": "^1.0.0",
        "micromark-factory-label": "^1.0.0",
        "micromark-factory-space": "^1.0.0",
        "micromark-factory-title": "^1.0.0",
        "micromark-factory-whitespace": "^1.0.0",
        "micromark-util-character": "^1.0.0",
        "micromark-util-chunked": "^1.0.0",
        "micromark-util-classify-character": "^1.0.0",
        "micromark-util-html-tag-name": "^1.0.0",
        "micromark-util-normalize-identifier": "^1.0.0",
        "micromark-util-resolve-all": "^1.0.0",
        "micromark-util-subtokenize": "^1.0.0",
        "micromark-util-symbol": "^1.0.0",
        "micromark-util-types": "^1.0.1",
        "parse-entities": "^3.0.0"
      }
    },
    "micromark-factory-destination": {
      "version": "1.0.0",
      "resolved": "https://registry.npmjs.org/micromark-factory-destination/-/micromark-factory-destination-1.0.0.tgz",
      "integrity": "sha512-eUBA7Rs1/xtTVun9TmV3gjfPz2wEwgK5R5xcbIM5ZYAtvGF6JkyaDsj0agx8urXnO31tEO6Ug83iVH3tdedLnw==",
      "requires": {
        "micromark-util-character": "^1.0.0",
        "micromark-util-symbol": "^1.0.0",
        "micromark-util-types": "^1.0.0"
      }
    },
    "micromark-factory-label": {
      "version": "1.0.0",
      "resolved": "https://registry.npmjs.org/micromark-factory-label/-/micromark-factory-label-1.0.0.tgz",
      "integrity": "sha512-XWEucVZb+qBCe2jmlOnWr6sWSY6NHx+wtpgYFsm4G+dufOf6tTQRRo0bdO7XSlGPu5fyjpJenth6Ksnc5Mwfww==",
      "requires": {
        "micromark-util-character": "^1.0.0",
        "micromark-util-symbol": "^1.0.0",
        "micromark-util-types": "^1.0.0"
      }
    },
    "micromark-factory-space": {
      "version": "1.0.0",
      "resolved": "https://registry.npmjs.org/micromark-factory-space/-/micromark-factory-space-1.0.0.tgz",
      "integrity": "sha512-qUmqs4kj9a5yBnk3JMLyjtWYN6Mzfcx8uJfi5XAveBniDevmZasdGBba5b4QsvRcAkmvGo5ACmSUmyGiKTLZew==",
      "requires": {
        "micromark-util-character": "^1.0.0",
        "micromark-util-types": "^1.0.0"
      }
    },
    "micromark-factory-title": {
      "version": "1.0.0",
      "resolved": "https://registry.npmjs.org/micromark-factory-title/-/micromark-factory-title-1.0.0.tgz",
      "integrity": "sha512-flvC7Gx0dWVWorXuBl09Cr3wB5FTuYec8pMGVySIp2ZlqTcIjN/lFohZcP0EG//krTptm34kozHk7aK/CleCfA==",
      "requires": {
        "micromark-factory-space": "^1.0.0",
        "micromark-util-character": "^1.0.0",
        "micromark-util-symbol": "^1.0.0",
        "micromark-util-types": "^1.0.0"
      }
    },
    "micromark-factory-whitespace": {
      "version": "1.0.0",
      "resolved": "https://registry.npmjs.org/micromark-factory-whitespace/-/micromark-factory-whitespace-1.0.0.tgz",
      "integrity": "sha512-Qx7uEyahU1lt1RnsECBiuEbfr9INjQTGa6Err+gF3g0Tx4YEviPbqqGKNv/NrBaE7dVHdn1bVZKM/n5I/Bak7A==",
      "requires": {
        "micromark-factory-space": "^1.0.0",
        "micromark-util-character": "^1.0.0",
        "micromark-util-symbol": "^1.0.0",
        "micromark-util-types": "^1.0.0"
      }
    },
    "micromark-util-character": {
      "version": "1.1.0",
      "resolved": "https://registry.npmjs.org/micromark-util-character/-/micromark-util-character-1.1.0.tgz",
      "integrity": "sha512-agJ5B3unGNJ9rJvADMJ5ZiYjBRyDpzKAOk01Kpi1TKhlT1APx3XZk6eN7RtSz1erbWHC2L8T3xLZ81wdtGRZzg==",
      "requires": {
        "micromark-util-symbol": "^1.0.0",
        "micromark-util-types": "^1.0.0"
      }
    },
    "micromark-util-chunked": {
      "version": "1.0.0",
      "resolved": "https://registry.npmjs.org/micromark-util-chunked/-/micromark-util-chunked-1.0.0.tgz",
      "integrity": "sha512-5e8xTis5tEZKgesfbQMKRCyzvffRRUX+lK/y+DvsMFdabAicPkkZV6gO+FEWi9RfuKKoxxPwNL+dFF0SMImc1g==",
      "requires": {
        "micromark-util-symbol": "^1.0.0"
      }
    },
    "micromark-util-classify-character": {
      "version": "1.0.0",
      "resolved": "https://registry.npmjs.org/micromark-util-classify-character/-/micromark-util-classify-character-1.0.0.tgz",
      "integrity": "sha512-F8oW2KKrQRb3vS5ud5HIqBVkCqQi224Nm55o5wYLzY/9PwHGXC01tr3d7+TqHHz6zrKQ72Okwtvm/xQm6OVNZA==",
      "requires": {
        "micromark-util-character": "^1.0.0",
        "micromark-util-symbol": "^1.0.0",
        "micromark-util-types": "^1.0.0"
      }
    },
    "micromark-util-combine-extensions": {
      "version": "1.0.0",
      "resolved": "https://registry.npmjs.org/micromark-util-combine-extensions/-/micromark-util-combine-extensions-1.0.0.tgz",
      "integrity": "sha512-J8H058vFBdo/6+AsjHp2NF7AJ02SZtWaVUjsayNFeAiydTxUwViQPxN0Hf8dp4FmCQi0UUFovFsEyRSUmFH3MA==",
      "requires": {
        "micromark-util-chunked": "^1.0.0",
        "micromark-util-types": "^1.0.0"
      }
    },
    "micromark-util-decode-numeric-character-reference": {
      "version": "1.0.0",
      "resolved": "https://registry.npmjs.org/micromark-util-decode-numeric-character-reference/-/micromark-util-decode-numeric-character-reference-1.0.0.tgz",
      "integrity": "sha512-OzO9AI5VUtrTD7KSdagf4MWgHMtET17Ua1fIpXTpuhclCqD8egFWo85GxSGvxgkGS74bEahvtM0WP0HjvV0e4w==",
      "requires": {
        "micromark-util-symbol": "^1.0.0"
      }
    },
    "micromark-util-encode": {
      "version": "1.0.0",
      "resolved": "https://registry.npmjs.org/micromark-util-encode/-/micromark-util-encode-1.0.0.tgz",
      "integrity": "sha512-cJpFVM768h6zkd8qJ1LNRrITfY4gwFt+tziPcIf71Ui8yFzY9wG3snZQqiWVq93PG4Sw6YOtcNiKJfVIs9qfGg=="
    },
    "micromark-util-html-tag-name": {
      "version": "1.0.0",
      "resolved": "https://registry.npmjs.org/micromark-util-html-tag-name/-/micromark-util-html-tag-name-1.0.0.tgz",
      "integrity": "sha512-NenEKIshW2ZI/ERv9HtFNsrn3llSPZtY337LID/24WeLqMzeZhBEE6BQ0vS2ZBjshm5n40chKtJ3qjAbVV8S0g=="
    },
    "micromark-util-normalize-identifier": {
      "version": "1.0.0",
      "resolved": "https://registry.npmjs.org/micromark-util-normalize-identifier/-/micromark-util-normalize-identifier-1.0.0.tgz",
      "integrity": "sha512-yg+zrL14bBTFrQ7n35CmByWUTFsgst5JhA4gJYoty4Dqzj4Z4Fr/DHekSS5aLfH9bdlfnSvKAWsAgJhIbogyBg==",
      "requires": {
        "micromark-util-symbol": "^1.0.0"
      }
    },
    "micromark-util-resolve-all": {
      "version": "1.0.0",
      "resolved": "https://registry.npmjs.org/micromark-util-resolve-all/-/micromark-util-resolve-all-1.0.0.tgz",
      "integrity": "sha512-CB/AGk98u50k42kvgaMM94wzBqozSzDDaonKU7P7jwQIuH2RU0TeBqGYJz2WY1UdihhjweivStrJ2JdkdEmcfw==",
      "requires": {
        "micromark-util-types": "^1.0.0"
      }
    },
    "micromark-util-sanitize-uri": {
      "version": "1.0.0",
      "resolved": "https://registry.npmjs.org/micromark-util-sanitize-uri/-/micromark-util-sanitize-uri-1.0.0.tgz",
      "integrity": "sha512-cCxvBKlmac4rxCGx6ejlIviRaMKZc0fWm5HdCHEeDWRSkn44l6NdYVRyU+0nT1XC72EQJMZV8IPHF+jTr56lAg==",
      "requires": {
        "micromark-util-character": "^1.0.0",
        "micromark-util-encode": "^1.0.0",
        "micromark-util-symbol": "^1.0.0"
      }
    },
    "micromark-util-subtokenize": {
      "version": "1.0.0",
      "resolved": "https://registry.npmjs.org/micromark-util-subtokenize/-/micromark-util-subtokenize-1.0.0.tgz",
      "integrity": "sha512-EsnG2qscmcN5XhkqQBZni/4oQbLFjz9yk3ZM/P8a3YUjwV6+6On2wehr1ALx0MxK3+XXXLTzuBKHDFeDFYRdgQ==",
      "requires": {
        "micromark-util-chunked": "^1.0.0",
        "micromark-util-symbol": "^1.0.0",
        "micromark-util-types": "^1.0.0"
      }
    },
    "micromark-util-symbol": {
      "version": "1.0.0",
      "resolved": "https://registry.npmjs.org/micromark-util-symbol/-/micromark-util-symbol-1.0.0.tgz",
      "integrity": "sha512-NZA01jHRNCt4KlOROn8/bGi6vvpEmlXld7EHcRH+aYWUfL3Wc8JLUNNlqUMKa0hhz6GrpUWsHtzPmKof57v0gQ=="
    },
    "micromark-util-types": {
      "version": "1.0.1",
      "resolved": "https://registry.npmjs.org/micromark-util-types/-/micromark-util-types-1.0.1.tgz",
      "integrity": "sha512-UT0ylWEEy80RFYzK9pEaugTqaxoD/j0Y9WhHpSyitxd99zjoQz7JJ+iKuhPAgOW2MiPSUAx+c09dcqokeyaROA=="
    },
    "ms": {
      "version": "2.1.2",
      "resolved": "https://registry.npmjs.org/ms/-/ms-2.1.2.tgz",
      "integrity": "sha512-sGkPx+VjMtmA6MX27oA4FBFELFCZZ4S4XqeGOXCv68tT+jb3vk/RyaKWP0PTKyWtmLSM0b+adUTEvbs1PEaH2w=="
    },
    "parse-entities": {
      "version": "3.0.0",
      "resolved": "https://registry.npmjs.org/parse-entities/-/parse-entities-3.0.0.tgz",
      "integrity": "sha512-AJlcIFDNPEP33KyJLguv0xJc83BNvjxwpuUIcetyXUsLpVXAUCePJ5kIoYtEN2R1ac0cYaRu/vk9dVFkewHQhQ==",
      "requires": {
        "character-entities": "^2.0.0",
        "character-entities-legacy": "^2.0.0",
        "character-reference-invalid": "^2.0.0",
        "is-alphanumerical": "^2.0.0",
        "is-decimal": "^2.0.0",
        "is-hexadecimal": "^2.0.0"
      }
    },
    "ts-node": {
      "version": "10.2.1",
      "resolved": "https://registry.npmjs.org/ts-node/-/ts-node-10.2.1.tgz",
      "integrity": "sha512-hCnyOyuGmD5wHleOQX6NIjJtYVIO8bPP8F2acWkB4W06wdlkgyvJtubO/I9NkI88hCFECbsEgoLc0VNkYmcSfw==",
      "requires": {
        "@cspotcode/source-map-support": "0.6.1",
        "@tsconfig/node10": "^1.0.7",
        "@tsconfig/node12": "^1.0.7",
        "@tsconfig/node14": "^1.0.0",
        "@tsconfig/node16": "^1.0.2",
        "acorn": "^8.4.1",
        "acorn-walk": "^8.1.1",
        "arg": "^4.1.0",
        "create-require": "^1.1.0",
        "diff": "^4.0.1",
        "make-error": "^1.1.1",
        "yn": "3.1.1"
      }
    },
    "typescript": {
      "version": "4.4.2",
      "resolved": "https://registry.npmjs.org/typescript/-/typescript-4.4.2.tgz",
      "integrity": "sha512-gzP+t5W4hdy4c+68bfcv0t400HVJMMd2+H9B7gae1nQlBzCqvrXX+6GL/b3GAgyTH966pzrZ70/fRjwAtZksSQ==",
      "peer": true
    },
    "yn": {
      "version": "3.1.1",
      "resolved": "https://registry.npmjs.org/yn/-/yn-3.1.1.tgz",
      "integrity": "sha512-Ux4ygGWsu2c7isFWe8Yu1YluJmqVhxqK2cLXNQA5AcC3QfbGNpM7fu0Y8b/z16pXLnFxZYvWhd3fhBY9DLmC6Q=="
    }
  }
}
